
Microsoft Visual Studio Solution File, Format Version 12.00
# Visual Studio Version 17
VisualStudioVersion = 17.4.33205.214
MinimumVisualStudioVersion = 10.0.40219.1
Project("{FAE04EC0-301F-11D3-BF4B-00C04F79EFBC}") = "ConsoleApp1", "ConsoleApp1\ConsoleApp1.csproj", "{36615488-7437-4C2B-8141-CC3513D1D390}"
EndProject
Global
	GlobalSection(SolutionConfigurationPlatforms) = preSolution
		Debug|Any CPU = Debug|Any CPU
		Release|Any CPU = Release|Any CPU
	EndGlobalSection
	GlobalSection(ProjectConfigurationPlatforms) = postSolution
		{36615488-7437-4C2B-8141-CC3513D1D390}.Debug|Any CPU.ActiveCfg = Debug|Any CPU
		{36615488-7437-4C2B-8141-CC3513D1D390}.Debug|Any CPU.Build.0 = Debug|Any CPU
		{36615488-7437-4C2B-8141-CC3513D1D390}.Release|Any CPU.ActiveCfg = Release|Any CPU
		{36615488-7437-4C2B-8141-CC3513D1D390}.Release|Any CPU.Build.0 = Release|Any CPU
	EndGlobalSection
	GlobalSection(SolutionProperties) = preSolution
		HideSolutionNode = FALSE
	EndGlobalSection
	GlobalSection(ExtensibilityGlobals) = postSolution
		SolutionGuid = {16BE510B-7A80-492E-9CEA-9E227ED5621C}
	EndGlobalSection
EndGlobal
